
Microsoft Visual Studio Solution File, Format Version 12.00
# Visual Studio Version 17
VisualStudioVersion = 17.1.32228.430
MinimumVisualStudioVersion = 10.0.40219.1
Project("{FAE04EC0-301F-11D3-BF4B-00C04F79EFBC}") = "Week11Day4Test", "Week11Day4Test\Week11Day4Test.csproj", "{47C638F4-81C4-4ACA-BE6C-914F2171EEA7}"
EndProject
Project("{FAE04EC0-301F-11D3-BF4B-00C04F79EFBC}") = "Week11Day5WebServiceClient", "Week11Day5WebServiceClient\Week11Day5WebServiceClient.csproj", "{269751E7-8020-465B-9B1C-75D0957343E2}"
EndProject
Global
	GlobalSection(SolutionConfigurationPlatforms) = preSolution
		Debug|Any CPU = Debug|Any CPU
		Release|Any CPU = Release|Any CPU
	EndGlobalSection
	GlobalSection(ProjectConfigurationPlatforms) = postSolution
		{47C638F4-81C4-4ACA-BE6C-914F2171EEA7}.Debug|Any CPU.ActiveCfg = Debug|Any CPU
		{47C638F4-81C4-4ACA-BE6C-914F2171EEA7}.Debug|Any CPU.Build.0 = Debug|Any CPU
		{47C638F4-81C4-4ACA-BE6C-914F2171EEA7}.Release|Any CPU.ActiveCfg = Release|Any CPU
		{47C638F4-81C4-4ACA-BE6C-914F2171EEA7}.Release|Any CPU.Build.0 = Release|Any CPU
		{269751E7-8020-465B-9B1C-75D0957343E2}.Debug|Any CPU.ActiveCfg = Debug|Any CPU
		{269751E7-8020-465B-9B1C-75D0957343E2}.Debug|Any CPU.Build.0 = Debug|Any CPU
		{269751E7-8020-465B-9B1C-75D0957343E2}.Release|Any CPU.ActiveCfg = Release|Any CPU
		{269751E7-8020-465B-9B1C-75D0957343E2}.Release|Any CPU.Build.0 = Release|Any CPU
	EndGlobalSection
	GlobalSection(SolutionProperties) = preSolution
		HideSolutionNode = FALSE
	EndGlobalSection
	GlobalSection(ExtensibilityGlobals) = postSolution
		SolutionGuid = {F41800A7-658F-4835-A09E-F8BD427BA3EB}
	EndGlobalSection
EndGlobal
